// !$*UTF8*$!
{
	archiveVersion = 1;
	classes = {
	};
	objectVersion = 56;
	objects = {

/* Begin PBXBuildFile section */
		7F14DC832A80CC9900835E2D /* SwiftUIToDoAppAgainApp.swift in Sources */ = {isa = PBXBuildFile; fileRef = 7F14DC822A80CC9900835E2D /* SwiftUIToDoAppAgainApp.swift */; };
		7F14DC852A80CC9900835E2D /* ContentView.swift in Sources */ = {isa = PBXBuildFile; fileRef = 7F14DC842A80CC9900835E2D /* ContentView.swift */; };
		7F14DC872A80CC9B00835E2D /* Assets.xcassets in Resources */ = {isa = PBXBuildFile; fileRef = 7F14DC862A80CC9B00835E2D /* Assets.xcassets */; };
		7F14DC8A2A80CC9B00835E2D /* Preview Assets.xcassets in Resources */ = {isa = PBXBuildFile; fileRef = 7F14DC892A80CC9B00835E2D /* Preview Assets.xcassets */; };
		7F14DC912A80CE0C00835E2D /* Contact.swift in Sources */ = {isa = PBXBuildFile; fileRef = 7F14DC902A80CE0C00835E2D /* Contact.swift */; };
		7F14DC932A80D08900835E2D /* ContactCell.swift in Sources */ = {isa = PBXBuildFile; fileRef = 7F14DC922A80D08900835E2D /* ContactCell.swift */; };
		7F14DC952A80D90900835E2D /*  UIApplication + Extension.swift in Sources */ = {isa = PBXBuildFile; fileRef = 7F14DC942A80D90900835E2D /*  UIApplication + Extension.swift */; };
		7F14DC982A80E21700835E2D /* Realm in Frameworks */ = {isa = PBXBuildFile; productRef = 7F14DC972A80E21700835E2D /* Realm */; };
		7F14DC9A2A80E21700835E2D /* RealmSwift in Frameworks */ = {isa = PBXBuildFile; productRef = 7F14DC992A80E21700835E2D /* RealmSwift */; };
		7F14DC9C2A80E2DD00835E2D /* DatabaseHelper.swift in Sources */ = {isa = PBXBuildFile; fileRef = 7F14DC9B2A80E2DD00835E2D /* DatabaseHelper.swift */; };
/* End PBXBuildFile section */

/* Begin PBXFileReference section */
		7F14DC7F2A80CC9900835E2D /* SwiftUIToDoAppAgain.app */ = {isa = PBXFileReference; explicitFileType = wrapper.application; includeInIndex = 0; path = SwiftUIToDoAppAgain.app; sourceTree = BUILT_PRODUCTS_DIR; };
		7F14DC822A80CC9900835E2D /* SwiftUIToDoAppAgainApp.swift */ = {isa = PBXFileReference; lastKnownFileType = sourcecode.swift; path = SwiftUIToDoAppAgainApp.swift; sourceTree = "<group>"; };
		7F14DC842A80CC9900835E2D /* ContentView.swift */ = {isa = PBXFileReference; lastKnownFileType = sourcecode.swift; path = ContentView.swift; sourceTree = "<group>"; };
		7F14DC862A80CC9B00835E2D /* Assets.xcassets */ = {isa = PBXFileReference; lastKnownFileType = folder.assetcatalog; path = Assets.xcassets; sourceTree = "<group>"; };
		7F14DC892A80CC9B00835E2D /* Preview Assets.xcassets */ = {isa = PBXFileReference; lastKnownFileType = folder.assetcatalog; path = "Preview Assets.xcassets"; sourceTree = "<group>"; };
		7F14DC902A80CE0C00835E2D /* Contact.swift */ = {isa = PBXFileReference; lastKnownFileType = sourcecode.swift; path = Contact.swift; sourceTree = "<group>"; };
		7F14DC922A80D08900835E2D /* ContactCell.swift */ = {isa = PBXFileReference; lastKnownFileType = sourcecode.swift; path = ContactCell.swift; sourceTree = "<group>"; };
		7F14DC942A80D90900835E2D /*  UIApplication + Extension.swift */ = {isa = PBXFileReference; lastKnownFileType = sourcecode.swift; path = " UIApplication + Extension.swift"; sourceTree = "<group>"; };
		7F14DC9B2A80E2DD00835E2D /* DatabaseHelper.swift */ = {isa = PBXFileReference; lastKnownFileType = sourcecode.swift; path = DatabaseHelper.swift; sourceTree = "<group>"; };
/* End PBXFileReference section */

/* Begin PBXFrameworksBuildPhase section */
		7F14DC7C2A80CC9900835E2D /* Frameworks */ = {
			isa = PBXFrameworksBuildPhase;
			buildActionMask = 2147483647;
			files = (
				7F14DC9A2A80E21700835E2D /* RealmSwift in Frameworks */,
				7F14DC982A80E21700835E2D /* Realm in Frameworks */,
			);
			runOnlyForDeploymentPostprocessing = 0;
		};
/* End PBXFrameworksBuildPhase section */

/* Begin PBXGroup section */
		7F14DC762A80CC9900835E2D = {
			isa = PBXGroup;
			children = (
				7F14DC812A80CC9900835E2D /* SwiftUIToDoAppAgain */,
				7F14DC802A80CC9900835E2D /* Products */,
			);
			sourceTree = "<group>";
		};
		7F14DC802A80CC9900835E2D /* Products */ = {
			isa = PBXGroup;
			children = (
				7F14DC7F2A80CC9900835E2D /* SwiftUIToDoAppAgain.app */,
			);
			name = Products;
			sourceTree = "<group>";
		};
		7F14DC812A80CC9900835E2D /* SwiftUIToDoAppAgain */ = {
			isa = PBXGroup;
			children = (
				7F14DC822A80CC9900835E2D /* SwiftUIToDoAppAgainApp.swift */,
				7F14DC842A80CC9900835E2D /* ContentView.swift */,
				7F14DC862A80CC9B00835E2D /* Assets.xcassets */,
				7F14DC882A80CC9B00835E2D /* Preview Content */,
				7F14DC902A80CE0C00835E2D /* Contact.swift */,
				7F14DC922A80D08900835E2D /* ContactCell.swift */,
				7F14DC942A80D90900835E2D /*  UIApplication + Extension.swift */,
				7F14DC9B2A80E2DD00835E2D /* DatabaseHelper.swift */,
			);
			path = SwiftUIToDoAppAgain;
			sourceTree = "<group>";
		};
		7F14DC882A80CC9B00835E2D /* Preview Content */ = {
			isa = PBXGroup;
			children = (
				7F14DC892A80CC9B00835E2D /* Preview Assets.xcassets */,
			);
			path = "Preview Content";
			sourceTree = "<group>";
		};
/* End PBXGroup section */

/* Begin PBXNativeTarget section */
		7F14DC7E2A80CC9900835E2D /* SwiftUIToDoAppAgain */ = {
			isa = PBXNativeTarget;
			buildConfigurationList = 7F14DC8D2A80CC9B00835E2D /* Build configuration list for PBXNativeTarget "SwiftUIToDoAppAgain" */;
			buildPhases = (
				7F14DC7B2A80CC9900835E2D /* Sources */,
				7F14DC7C2A80CC9900835E2D /* Frameworks */,
				7F14DC7D2A80CC9900835E2D /* Resources */,
			);
			buildRules = (
			);
			dependencies = (
			);
			name = SwiftUIToDoAppAgain;
			packageProductDependencies = (
				7F14DC972A80E21700835E2D /* Realm */,
				7F14DC992A80E21700835E2D /* RealmSwift */,
			);
			productName = SwiftUIToDoAppAgain;
			productReference = 7F14DC7F2A80CC9900835E2D /* SwiftUIToDoAppAgain.app */;
			productType = "com.apple.product-type.application";
		};
/* End PBXNativeTarget section */

/* Begin PBXProject section */
		7F14DC772A80CC9900835E2D /* Project object */ = {
			isa = PBXProject;
			attributes = {
				BuildIndependentTargetsInParallel = 1;
				LastSwiftUpdateCheck = 1430;
				LastUpgradeCheck = 1430;
				TargetAttributes = {
					7F14DC7E2A80CC9900835E2D = {
						CreatedOnToolsVersion = 14.3.1;
					};
				};
			};
			buildConfigurationList = 7F14DC7A2A80CC9900835E2D /* Build configuration list for PBXProject "SwiftUIToDoAppAgain" */;
			compatibilityVersion = "Xcode 14.0";
			developmentRegion = en;
			hasScannedForEncodings = 0;
			knownRegions = (
				en,
				Base,
			);
			mainGroup = 7F14DC762A80CC9900835E2D;
			packageReferences = (
				7F14DC962A80E21700835E2D /* XCRemoteSwiftPackageReference "realm-swift" */,
			);
			productRefGroup = 7F14DC802A80CC9900835E2D /* Products */;
			projectDirPath = "";
			projectRoot = "";
			targets = (
				7F14DC7E2A80CC9900835E2D /* SwiftUIToDoAppAgain */,
			);
		};
/* End PBXProject section */

/* Begin PBXResourcesBuildPhase section */
		7F14DC7D2A80CC9900835E2D /* Resources */ = {
			isa = PBXResourcesBuildPhase;
			buildActionMask = 2147483647;
			files = (
				7F14DC8A2A80CC9B00835E2D /* Preview Assets.xcassets in Resources */,
				7F14DC872A80CC9B00835E2D /* Assets.xcassets in Resources */,
			);
			runOnlyForDeploymentPostprocessing = 0;
		};
/* End PBXResourcesBuildPhase section */

/* Begin PBXSourcesBuildPhase section */
		7F14DC7B2A80CC9900835E2D /* Sources */ = {
			isa = PBXSourcesBuildPhase;
			buildActionMask = 2147483647;
			files = (
				7F14DC932A80D08900835E2D /* ContactCell.swift in Sources */,
				7F14DC912A80CE0C00835E2D /* Contact.swift in Sources */,
				7F14DC852A80CC9900835E2D /* ContentView.swift in Sources */,
				7F14DC832A80CC9900835E2D /* SwiftUIToDoAppAgainApp.swift in Sources */,
				7F14DC9C2A80E2DD00835E2D /* DatabaseHelper.swift in Sources */,
				7F14DC952A80D90900835E2D /*  UIApplication + Extension.swift in Sources */,
			);
			runOnlyForDeploymentPostprocessing = 0;
		};
/* End PBXSourcesBuildPhase section */

/* Begin XCBuildConfiguration section */
		7F14DC8B2A80CC9B00835E2D /* Debug */ = {
			isa = XCBuildConfiguration;
			buildSettings = {
				ALWAYS_SEARCH_USER_PATHS = NO;
				CLANG_ANALYZER_NONNULL = YES;
				CLANG_ANALYZER_NUMBER_OBJECT_CONVERSION = YES_AGGRESSIVE;
				CLANG_CXX_LANGUAGE_STANDARD = "gnu++20";
				CLANG_ENABLE_MODULES = YES;
				CLANG_ENABLE_OBJC_ARC = YES;
				CLANG_ENABLE_OBJC_WEAK = YES;
				CLANG_WARN_BLOCK_CAPTURE_AUTORELEASING = YES;
				CLANG_WARN_BOOL_CONVERSION = YES;
				CLANG_WARN_COMMA = YES;
				CLANG_WARN_CONSTANT_CONVERSION = YES;
				CLANG_WARN_DEPRECATED_OBJC_IMPLEMENTATIONS = YES;
				CLANG_WARN_DIRECT_OBJC_ISA_USAGE = YES_ERROR;
				CLANG_WARN_DOCUMENTATION_COMMENTS = YES;
				CLANG_WARN_EMPTY_BODY = YES;
				CLANG_WARN_ENUM_CONVERSION = YES;
				CLANG_WARN_INFINITE_RECURSION = YES;
				CLANG_WARN_INT_CONVERSION = YES;
				CLANG_WARN_NON_LITERAL_NULL_CONVERSION = YES;
				CLANG_WARN_OBJC_IMPLICIT_RETAIN_SELF = YES;
				CLANG_WARN_OBJC_LITERAL_CONVERSION = YES;
				CLANG_WARN_OBJC_ROOT_CLASS = YES_ERROR;
				CLANG_WARN_QUOTED_INCLUDE_IN_FRAMEWORK_HEADER = YES;
				CLANG_WARN_RANGE_LOOP_ANALYSIS = YES;
				CLANG_WARN_STRICT_PROTOTYPES = YES;
				CLANG_WARN_SUSPICIOUS_MOVE = YES;
				CLANG_WARN_UNGUARDED_AVAILABILITY = YES_AGGRESSIVE;
				CLANG_WARN_UNREACHABLE_CODE = YES;
				CLANG_WARN__DUPLICATE_METHOD_MATCH = YES;
				COPY_PHASE_STRIP = NO;
				DEBUG_INFORMATION_FORMAT = dwarf;
				ENABLE_STRICT_OBJC_MSGSEND = YES;
				ENABLE_TESTABILITY = YES;
				GCC_C_LANGUAGE_STANDARD = gnu11;
				GCC_DYNAMIC_NO_PIC = NO;
				GCC_NO_COMMON_BLOCKS = YES;
				GCC_OPTIMIZATION_LEVEL = 0;
				GCC_PREPROCESSOR_DEFINITIONS = (
					"DEBUG=1",
					"$(inherited)",
				);
				GCC_WARN_64_TO_32_BIT_CONVERSION = YES;
				GCC_WARN_ABOUT_RETURN_TYPE = YES_ERROR;
				GCC_WARN_UNDECLARED_SELECTOR = YES;
				GCC_WARN_UNINITIALIZED_AUTOS = YES_AGGRESSIVE;
				GCC_WARN_UNUSED_FUNCTION = YES;
				GCC_WARN_UNUSED_VARIABLE = YES;
				IPHONEOS_DEPLOYMENT_TARGET = 16.4;
				MTL_ENABLE_DEBUG_INFO = INCLUDE_SOURCE;
				MTL_FAST_MATH = YES;
				ONLY_ACTIVE_ARCH = YES;
				SDKROOT = iphoneos;
				SWIFT_ACTIVE_COMPILATION_CONDITIONS = DEBUG;
				SWIFT_OPTIMIZATION_LEVEL = "-Onone";
			};
			name = Debug;
		};
		7F14DC8C2A80CC9B00835E2D /* Release */ = {
			isa = XCBuildConfiguration;
			buildSettings = {
				ALWAYS_SEARCH_USER_PATHS = NO;
				CLANG_ANALYZER_NONNULL = YES;
				CLANG_ANALYZER_NUMBER_OBJECT_CONVERSION = YES_AGGRESSIVE;
				CLANG_CXX_LANGUAGE_STANDARD = "gnu++20";
				CLANG_ENABLE_MODULES = YES;
				CLANG_ENABLE_OBJC_ARC = YES;
				CLANG_ENABLE_OBJC_WEAK = YES;
				CLANG_WARN_BLOCK_CAPTURE_AUTORELEASING = YES;
				CLANG_WARN_BOOL_CONVERSION = YES;
				CLANG_WARN_COMMA = YES;
				CLANG_WARN_CONSTANT_CONVERSION = YES;
				CLANG_WARN_DEPRECATED_OBJC_IMPLEMENTATIONS = YES;
				CLANG_WARN_DIRECT_OBJC_ISA_USAGE = YES_ERROR;
				CLANG_WARN_DOCUMENTATION_COMMENTS = YES;
				CLANG_WARN_EMPTY_BODY = YES;
				CLANG_WARN_ENUM_CONVERSION = YES;
				CLANG_WARN_INFINITE_RECURSION = YES;
				CLANG_WARN_INT_CONVERSION = YES;
				CLANG_WARN_NON_LITERAL_NULL_CONVERSION = YES;
				CLANG_WARN_OBJC_IMPLICIT_RETAIN_SELF = YES;
				CLANG_WARN_OBJC_LITERAL_CONVERSION = YES;
				CLANG_WARN_OBJC_ROOT_CLASS = YES_ERROR;
				CLANG_WARN_QUOTED_INCLUDE_IN_FRAMEWORK_HEADER = YES;
				CLANG_WARN_RANGE_LOOP_ANALYSIS = YES;
				CLANG_WARN_STRICT_PROTOTYPES = YES;
				CLANG_WARN_SUSPICIOUS_MOVE = YES;
				CLANG_WARN_UNGUARDED_AVAILABILITY = YES_AGGRESSIVE;
				CLANG_WARN_UNREACHABLE_CODE = YES;
				CLANG_WARN__DUPLICATE_METHOD_MATCH = YES;
				COPY_PHASE_STRIP = NO;
				DEBUG_INFORMATION_FORMAT = "dwarf-with-dsym";
				ENABLE_NS_ASSERTIONS = NO;
				ENABLE_STRICT_OBJC_MSGSEND = YES;
				GCC_C_LANGUAGE_STANDARD = gnu11;
				GCC_NO_COMMON_BLOCKS = YES;
				GCC_WARN_64_TO_32_BIT_CONVERSION = YES;
				GCC_WARN_ABOUT_RETURN_TYPE = YES_ERROR;
				GCC_WARN_UNDECLARED_SELECTOR = YES;
				GCC_WARN_UNINITIALIZED_AUTOS = YES_AGGRESSIVE;
				GCC_WARN_UNUSED_FUNCTION = YES;
				GCC_WARN_UNUSED_VARIABLE = YES;
				IPHONEOS_DEPLOYMENT_TARGET = 16.4;
				MTL_ENABLE_DEBUG_INFO = NO;
				MTL_FAST_MATH = YES;
				SDKROOT = iphoneos;
				SWIFT_COMPILATION_MODE = wholemodule;
				SWIFT_OPTIMIZATION_LEVEL = "-O";
				VALIDATE_PRODUCT = YES;
			};
			name = Release;
		};
		7F14DC8E2A80CC9B00835E2D /* Debug */ = {
			isa = XCBuildConfiguration;
			buildSettings = {
				ASSETCATALOG_COMPILER_APPICON_NAME = AppIcon;
				ASSETCATALOG_COMPILER_GLOBAL_ACCENT_COLOR_NAME = AccentColor;
				CODE_SIGN_STYLE = Automatic;
				CURRENT_PROJECT_VERSION = 1;
				DEVELOPMENT_ASSET_PATHS = "\"SwiftUIToDoAppAgain/Preview Content\"";
				DEVELOPMENT_TEAM = 2BWS35SAJK;
				ENABLE_PREVIEWS = YES;
				GENERATE_INFOPLIST_FILE = YES;
				INFOPLIST_KEY_UIApplicationSceneManifest_Generation = YES;
				INFOPLIST_KEY_UIApplicationSupportsIndirectInputEvents = YES;
				INFOPLIST_KEY_UILaunchScreen_Generation = YES;
				INFOPLIST_KEY_UISupportedInterfaceOrientations_iPad = "UIInterfaceOrientationPortrait UIInterfaceOrientationPortraitUpsideDown UIInterfaceOrientationLandscapeLeft UIInterfaceOrientationLandscapeRight";
				INFOPLIST_KEY_UISupportedInterfaceOrientations_iPhone = "UIInterfaceOrientationPortrait UIInterfaceOrientationLandscapeLeft UIInterfaceOrientationLandscapeRight";
				LD_RUNPATH_SEARCH_PATHS = (
					"$(inherited)",
					"@executable_path/Frameworks",
				);
				MARKETING_VERSION = 1.0;
				PRODUCT_BUNDLE_IDENTIFIER = se.iappie.SwiftUIToDoAppAgain;
				PRODUCT_NAME = "$(TARGET_NAME)";
				SWIFT_EMIT_LOC_STRINGS = YES;
				SWIFT_VERSION = 5.0;
				TARGETED_DEVICE_FAMILY = "1,2";
			};
			name = Debug;
		};
		7F14DC8F2A80CC9B00835E2D /* Release */ = {
			isa = XCBuildConfiguration;
			buildSettings = {
				ASSETCATALOG_COMPILER_APPICON_NAME = AppIcon;
				ASSETCATALOG_COMPILER_GLOBAL_ACCENT_COLOR_NAME = AccentColor;
				CODE_SIGN_STYLE = Automatic;
				CURRENT_PROJECT_VERSION = 1;
				DEVELOPMENT_ASSET_PATHS = "\"SwiftUIToDoAppAgain/Preview Content\"";
				DEVELOPMENT_TEAM = 2BWS35SAJK;
				ENABLE_PREVIEWS = YES;
				GENERATE_INFOPLIST_FILE = YES;
				INFOPLIST_KEY_UIApplicationSceneManifest_Generation = YES;
				INFOPLIST_KEY_UIApplicationSupportsIndirectInputEvents = YES;
				INFOPLIST_KEY_UILaunchScreen_Generation = YES;
				INFOPLIST_KEY_UISupportedInterfaceOrientations_iPad = "UIInterfaceOrientationPortrait UIInterfaceOrientationPortraitUpsideDown UIInterfaceOrientationLandscapeLeft UIInterfaceOrientationLandscapeRight";
				INFOPLIST_KEY_UISupportedInterfaceOrientations_iPhone = "UIInterfaceOrientationPortrait UIInterfaceOrientationLandscapeLeft UIInterfaceOrientationLandscapeRight";
				LD_RUNPATH_SEARCH_PATHS = (
					"$(inherited)",
					"@executable_path/Frameworks",
				);
				MARKETING_VERSION = 1.0;
				PRODUCT_BUNDLE_IDENTIFIER = se.iappie.SwiftUIToDoAppAgain;
				PRODUCT_NAME = "$(TARGET_NAME)";
				SWIFT_EMIT_LOC_STRINGS = YES;
				SWIFT_VERSION = 5.0;
				TARGETED_DEVICE_FAMILY = "1,2";
			};
			name = Release;
		};
/* End XCBuildConfiguration section */

/* Begin XCConfigurationList section */
		7F14DC7A2A80CC9900835E2D /* Build configuration list for PBXProject "SwiftUIToDoAppAgain" */ = {
			isa = XCConfigurationList;
			buildConfigurations = (
				7F14DC8B2A80CC9B00835E2D /* Debug */,
				7F14DC8C2A80CC9B00835E2D /* Release */,
			);
			defaultConfigurationIsVisible = 0;
			defaultConfigurationName = Release;
		};
		7F14DC8D2A80CC9B00835E2D /* Build configuration list for PBXNativeTarget "SwiftUIToDoAppAgain" */ = {
			isa = XCConfigurationList;
			buildConfigurations = (
				7F14DC8E2A80CC9B00835E2D /* Debug */,
				7F14DC8F2A80CC9B00835E2D /* Release */,
			);
			defaultConfigurationIsVisible = 0;
			defaultConfigurationName = Release;
		};
/* End XCConfigurationList section */

/* Begin XCRemoteSwiftPackageReference section */
		7F14DC962A80E21700835E2D /* XCRemoteSwiftPackageReference "realm-swift" */ = {
			isa = XCRemoteSwiftPackageReference;
			repositoryURL = "https://github.com/realm/realm-swift";
			requirement = {
				branch = master;
				kind = branch;
			};
		};
/* End XCRemoteSwiftPackageReference section */

/* Begin XCSwiftPackageProductDependency section */
		7F14DC972A80E21700835E2D /* Realm */ = {
			isa = XCSwiftPackageProductDependency;
			package = 7F14DC962A80E21700835E2D /* XCRemoteSwiftPackageReference "realm-swift" */;
			productName = Realm;
		};
		7F14DC992A80E21700835E2D /* RealmSwift */ = {
			isa = XCSwiftPackageProductDependency;
			package = 7F14DC962A80E21700835E2D /* XCRemoteSwiftPackageReference "realm-swift" */;
			productName = RealmSwift;
		};
/* End XCSwiftPackageProductDependency section */
	};
	rootObject = 7F14DC772A80CC9900835E2D /* Project object */;
}
